<?xml version="1.0" encoding="utf-8"?>
<Project ToolsVersion="4.0" xmlns="http://schemas.microsoft.com/developer/msbuild/2003">
  <ItemGroup>
    <Filter Include="通用">
      <UniqueIdentifier>1cbb4672-a748-42d0-8bbd-fe0d19f1023e</UniqueIdentifier>
    </Filter>
    <Filter Include="资产">
      <UniqueIdentifier>97530494-577f-4e12-a776-dede0ad0eb3d</UniqueIdentifier>
      <Extensions>bmp;fbx;gif;jpg;jpeg;tga;tiff;tif;png</Extensions>
    </Filter>
    <Filter Include="内容">
      <UniqueIdentifier>ef10ccb5-0e45-4404-9c3d-e7f7f231c257</UniqueIdentifier>
    </Filter>
    <ClInclude Include="Common\DirectXHelper.h">
      <Filter>通用</Filter>
    </ClInclude>
    <ClInclude Include="Common\StepTimer.h">
      <Filter>通用</Filter>
    </ClInclude>
    <ClInclude Include="Common\DeviceResources.h">
      <Filter>通用</Filter>
    </ClInclude>
    <ClCompile Include="Common\DeviceResources.cpp">
      <Filter>通用</Filter>
    </ClCompile>
    <ClInclude Include="Content\Sample3DSceneRenderer.h">
      <Filter>内容</Filter>
    </ClInclude>
    <ClInclude Include="Content\SampleFpsTextRenderer.h">
      <Filter>内容</Filter>
    </ClInclude>
    <ClInclude Include="Content\ShaderStructures.h">
      <Filter>内容</Filter>
    </ClInclude>
    <ClCompile Include="Content\Sample3DSceneRenderer.cpp">
      <Filter>内容</Filter>
    </ClCompile>
    <ClCompile Include="Content\SampleFpsTextRenderer.cpp">
      <Filter>内容</Filter>
    </ClCompile>
    <FxCompile Include="Content\SamplePixelShader.hlsl">
      <Filter>内容</Filter>
    </FxCompile>
    <FxCompile Include="Content\SampleVertexShader.hlsl">
      <Filter>内容</Filter>
    </FxCompile>
    <Image Include="Assets\LockScreenLogo.scale-200.png">
      <Filter>资产</Filter>
    </Image>
    <Image Include="Assets\SplashScreen.scale-200.png">
      <Filter>资产</Filter>
    </Image>
    <Image Include="Assets\Square150x150Logo.scale-200.png">
      <Filter>资产</Filter>
    </Image>
    <Image Include="Assets\Square44x44Logo.scale-200.png">
      <Filter>资产</Filter>
    </Image>
    <Image Include="Assets\Square44x44Logo.targetsize-24_altform-unplated.png">
      <Filter>资产</Filter>
    </Image>
    <Image Include="Assets\Wide310x150Logo.scale-200.png">
      <Filter>资产</Filter>
    </Image>
    <Filter Include="内容\GameObjects">
      <UniqueIdentifier>{695f6557-ad94-4102-9b36-2727fb051c05}</UniqueIdentifier>
    </Filter>
    <Filter Include="通用\框架">
      <UniqueIdentifier>{1b116c32-e048-4fa5-b848-b182f5b81872}</UniqueIdentifier>
    </Filter>
    <Filter Include="Shaders">
      <UniqueIdentifier>{69900d00-0d97-4e89-9938-d492072adda1}</UniqueIdentifier>
    </Filter>
    <Filter Include="内容\Terrain">
      <UniqueIdentifier>{6800e6a3-3add-4599-819d-6dabd8ed9bc5}</UniqueIdentifier>
    </Filter>
    <Filter Include="通用\consts">
      <UniqueIdentifier>{f05c1d00-93d6-4981-b412-2722552f87e3}</UniqueIdentifier>
    </Filter>
    <Filter Include="通用\Tools">
      <UniqueIdentifier>{97d718f1-9cc6-43ed-ab28-29749429600f}</UniqueIdentifier>
    </Filter>
    <Filter Include="Assets">
      <UniqueIdentifier>{47a3671d-f365-49ce-96a0-be797d2029c0}</UniqueIdentifier>
    </Filter>
  </ItemGroup>
  <ItemGroup>
    <ClCompile Include="App.cpp" />
    <ClCompile Include="HelloDX11Main.cpp" />
    <ClCompile Include="pch.cpp" />
    <ClCompile Include="Car.cpp">
      <Filter>内容\GameObjects</Filter>
    </ClCompile>
    <ClCompile Include="Wheel.cpp">
      <Filter>内容\GameObjects</Filter>
    </ClCompile>
    <ClCompile Include="Geometry.cpp">
      <Filter>通用\框架</Filter>
    </ClCompile>
    <ClCompile Include="InputManager.cpp">
      <Filter>通用\框架</Filter>
    </ClCompile>
    <ClCompile Include="RenderObject.cpp">
      <Filter>通用\框架</Filter>
    </ClCompile>
    <ClCompile Include="Item.cpp">
      <Filter>内容\GameObjects</Filter>
    </ClCompile>
    <ClCompile Include="Camera.cpp">
      <Filter>通用\框架</Filter>
    </ClCompile>
    <ClCompile Include="Model.cpp">
      <Filter>通用\框架</Filter>
    </ClCompile>
    <ClCompile Include="Ground.cpp">
      <Filter>内容\GameObjects</Filter>
    </ClCompile>
    <ClCompile Include="Skybox.cpp" />
    <ClCompile Include="Content\Terrain\HeightmapSampling.cpp">
      <Filter>内容\Terrain</Filter>
    </ClCompile>
    <ClCompile Include="Content\Terrain\TerrainObject.cpp">
      <Filter>内容\Terrain</Filter>
    </ClCompile>
    <ClCompile Include="Common\Transform.cpp">
      <Filter>通用\框架</Filter>
    </ClCompile>
    <ClCompile Include="Common\Tools\tgaimage.cpp">
      <Filter>通用\Tools</Filter>
    </ClCompile>
  </ItemGroup>
  <ItemGroup>
    <ClInclude Include="App.h" />
    <ClInclude Include="HelloDX11Main.h" />
    <ClInclude Include="pch.h" />
    <ClInclude Include="Car.h">
      <Filter>内容\GameObjects</Filter>
    </ClInclude>
    <ClInclude Include="Wheel.h">
      <Filter>内容\GameObjects</Filter>
    </ClInclude>
    <ClInclude Include="Geometry.h">
      <Filter>通用\框架</Filter>
    </ClInclude>
    <ClInclude Include="InputManager.h">
      <Filter>通用\框架</Filter>
    </ClInclude>
    <ClInclude Include="RenderObject.h">
      <Filter>通用\框架</Filter>
    </ClInclude>
    <ClInclude Include="Item.h">
      <Filter>内容\GameObjects</Filter>
    </ClInclude>
    <ClInclude Include="Camera.h">
      <Filter>通用\框架</Filter>
    </ClInclude>
    <ClInclude Include="Model.h">
      <Filter>通用\框架</Filter>
    </ClInclude>
    <ClInclude Include="Ground.h">
      <Filter>内容\GameObjects</Filter>
    </ClInclude>
    <ClInclude Include="Skybox.h" />
    <ClInclude Include="Content\Terrain\HeightmapSampling.h">
      <Filter>内容\Terrain</Filter>
    </ClInclude>
    <ClInclude Include="consts\consts.h">
      <Filter>通用\consts</Filter>
    </ClInclude>
    <ClInclude Include="Content\Terrain\TerrainObject.h">
      <Filter>内容\Terrain</Filter>
    </ClInclude>
    <ClInclude Include="Common\Transfrom.h">
      <Filter>通用\框架</Filter>
    </ClInclude>
    <ClInclude Include="Common\Tools\tgaimage.h">
      <Filter>通用\Tools</Filter>
    </ClInclude>
  </ItemGroup>
  <ItemGroup>
    <AppxManifest Include="Package.appxmanifest" />
  </ItemGroup>
  <ItemGroup>
    <None Include="Content\Sample.hlsli">
      <Filter>内容</Filter>
    </None>
    <None Include="Shaders\TexPos.hlsli">
      <Filter>Shaders</Filter>
    </None>
  </ItemGroup>
  <ItemGroup>
    <FxCompile Include="Shaders\TexPosPixellShader.hlsl">
      <Filter>Shaders</Filter>
    </FxCompile>
    <FxCompile Include="Shaders\TexPosVertexShader.hlsl">
      <Filter>Shaders</Filter>
    </FxCompile>
  </ItemGroup>
  <ItemGroup>
    <Image Include="Assets\SmallTile.scale-200.png">
      <Filter>Assets</Filter>
    </Image>
    <Image Include="Assets\LargeTile.scale-200.png">
      <Filter>Assets</Filter>
    </Image>
    <Image Include="Assets\Square44x44Logo.targetsize-48.png">
      <Filter>Assets</Filter>
    </Image>
    <Image Include="Assets\Square44x44Logo.altform-unplated_targetsize-48.png">
      <Filter>Assets</Filter>
    </Image>
    <Image Include="Assets\Square44x44Logo.altform-lightunplated_targetsize-48.png">
      <Filter>Assets</Filter>
    </Image>
    <Image Include="Assets\StoreLogo.scale-200.png">
      <Filter>Assets</Filter>
    </Image>
  </ItemGroup>
</Project>